
Microsoft Visual Studio Solution File, Format Version 12.00
# Visual Studio Version 17
VisualStudioVersion = 17.9.34728.123
MinimumVisualStudioVersion = 10.0.40219.1
Project("{9A19103F-16F7-4668-BE54-9A1E7A4F7556}") = "EnumeratedCollection", "EnumeratedCollection\EnumeratedCollection.csproj", "{3303BC14-1CA3-44EF-925A-B6BFF43AF130}"
EndProject
Project("{FAE04EC0-301F-11D3-BF4B-00C04F79EFBC}") = "EnumeratedCollection_Tests", "EnumeratedCollection_Tests\EnumeratedCollection_Tests.csproj", "{809D4DB0-E876-4B67-A6BE-B3ADFD0416AA}"
EndProject
Project("{FAE04EC0-301F-11D3-BF4B-00C04F79EFBC}") = "EnumeratedCollection_Benchmark", "EnumeratedCollection_Benchmark\EnumeratedCollection_Benchmark.csproj", "{9EBC859B-5EBC-48C5-BF5B-A4851DFA2EF0}"
EndProject
Global
	GlobalSection(SolutionConfigurationPlatforms) = preSolution
		Debug|Any CPU = Debug|Any CPU
		Release|Any CPU = Release|Any CPU
	EndGlobalSection
	GlobalSection(ProjectConfigurationPlatforms) = postSolution
		{3303BC14-1CA3-44EF-925A-B6BFF43AF130}.Debug|Any CPU.ActiveCfg = Debug|Any CPU
		{3303BC14-1CA3-44EF-925A-B6BFF43AF130}.Debug|Any CPU.Build.0 = Debug|Any CPU
		{3303BC14-1CA3-44EF-925A-B6BFF43AF130}.Release|Any CPU.ActiveCfg = Release|Any CPU
		{3303BC14-1CA3-44EF-925A-B6BFF43AF130}.Release|Any CPU.Build.0 = Release|Any CPU
		{809D4DB0-E876-4B67-A6BE-B3ADFD0416AA}.Debug|Any CPU.ActiveCfg = Debug|Any CPU
		{809D4DB0-E876-4B67-A6BE-B3ADFD0416AA}.Debug|Any CPU.Build.0 = Debug|Any CPU
		{809D4DB0-E876-4B67-A6BE-B3ADFD0416AA}.Release|Any CPU.ActiveCfg = Release|Any CPU
		{809D4DB0-E876-4B67-A6BE-B3ADFD0416AA}.Release|Any CPU.Build.0 = Release|Any CPU
		{9EBC859B-5EBC-48C5-BF5B-A4851DFA2EF0}.Debug|Any CPU.ActiveCfg = Debug|Any CPU
		{9EBC859B-5EBC-48C5-BF5B-A4851DFA2EF0}.Debug|Any CPU.Build.0 = Debug|Any CPU
		{9EBC859B-5EBC-48C5-BF5B-A4851DFA2EF0}.Release|Any CPU.ActiveCfg = Release|Any CPU
		{9EBC859B-5EBC-48C5-BF5B-A4851DFA2EF0}.Release|Any CPU.Build.0 = Release|Any CPU
	EndGlobalSection
	GlobalSection(SolutionProperties) = preSolution
		HideSolutionNode = FALSE
	EndGlobalSection
	GlobalSection(ExtensibilityGlobals) = postSolution
		SolutionGuid = {622FD7E8-709A-467C-852F-01449D7EEBFE}
	EndGlobalSection
EndGlobal
